
Microsoft Visual Studio Solution File, Format Version 12.00
# Visual Studio Version 17
VisualStudioVersion = 17.11.34909.67
MinimumVisualStudioVersion = 10.0.40219.1
Project("{FAE04EC0-301F-11D3-BF4B-00C04F79EFBC}") = "TipCalculatorFinale", "TipCalculatorFinale.csproj", "{9579922C-5B8D-4BE9-84AF-D38E0E2DDD3D}"
EndProject
Global
	GlobalSection(SolutionConfigurationPlatforms) = preSolution
		Debug|Any CPU = Debug|Any CPU
		Release|Any CPU = Release|Any CPU
	EndGlobalSection
	GlobalSection(ProjectConfigurationPlatforms) = postSolution
		{9579922C-5B8D-4BE9-84AF-D38E0E2DDD3D}.Debug|Any CPU.ActiveCfg = Debug|Any CPU
		{9579922C-5B8D-4BE9-84AF-D38E0E2DDD3D}.Debug|Any CPU.Build.0 = Debug|Any CPU
		{9579922C-5B8D-4BE9-84AF-D38E0E2DDD3D}.Release|Any CPU.ActiveCfg = Release|Any CPU
		{9579922C-5B8D-4BE9-84AF-D38E0E2DDD3D}.Release|Any CPU.Build.0 = Release|Any CPU
	EndGlobalSection
	GlobalSection(SolutionProperties) = preSolution
		HideSolutionNode = FALSE
	EndGlobalSection
	GlobalSection(ExtensibilityGlobals) = postSolution
		SolutionGuid = {C8BDA01D-ACD2-4BC2-BC3C-6BF6BE067BD4}
	EndGlobalSection
EndGlobal
